
Microsoft Visual Studio Solution File, Format Version 12.00
# Visual Studio Version 16
VisualStudioVersion = 16.0.31112.23
MinimumVisualStudioVersion = 10.0.40219.1
Project("{FAE04EC0-301F-11D3-BF4B-00C04F79EFBC}") = "ValorantRandomCrosshairForm", "ValorantRandomCrosshairForm\ValorantRandomCrosshairForm.csproj", "{3DC1666F-CB8C-4F3D-B25B-99E654A2DB57}"
EndProject
Global
	GlobalSection(SolutionConfigurationPlatforms) = preSolution
		Debug|Any CPU = Debug|Any CPU
		Release|Any CPU = Release|Any CPU
	EndGlobalSection
	GlobalSection(ProjectConfigurationPlatforms) = postSolution
		{3DC1666F-CB8C-4F3D-B25B-99E654A2DB57}.Debug|Any CPU.ActiveCfg = Debug|Any CPU
		{3DC1666F-CB8C-4F3D-B25B-99E654A2DB57}.Debug|Any CPU.Build.0 = Debug|Any CPU
		{3DC1666F-CB8C-4F3D-B25B-99E654A2DB57}.Release|Any CPU.ActiveCfg = Release|Any CPU
		{3DC1666F-CB8C-4F3D-B25B-99E654A2DB57}.Release|Any CPU.Build.0 = Release|Any CPU
	EndGlobalSection
	GlobalSection(SolutionProperties) = preSolution
		HideSolutionNode = FALSE
	EndGlobalSection
	GlobalSection(ExtensibilityGlobals) = postSolution
		SolutionGuid = {C607A05E-83BE-4ACD-88FE-BA54BE94C66F}
	EndGlobalSection
EndGlobal
